// !$*UTF8*$!
{
	archiveVersion = 1;
	classes = {
	};
	objectVersion = 50;
	objects = {

/* Begin PBXBuildFile section */
		5C287B9421003AC30013602D /* BridgeController.swift in Sources */ = {isa = PBXBuildFile; fileRef = 5C287B8821003AC30013602D /* BridgeController.swift */; };
		5C287B9521003AC30013602D /* WebViewJavascriptBridge_JS.js in Resources */ = {isa = PBXBuildFile; fileRef = 5C287B8A21003AC30013602D /* WebViewJavascriptBridge_JS.js */; };
		5C287B9621003AC30013602D /* WebViewJavascriptBridgeBase.m in Sources */ = {isa = PBXBuildFile; fileRef = 5C287B8B21003AC30013602D /* WebViewJavascriptBridgeBase.m */; };
		5C287B9721003AC30013602D /* WKWebViewJavascriptBridge.m in Sources */ = {isa = PBXBuildFile; fileRef = 5C287B8C21003AC30013602D /* WKWebViewJavascriptBridge.m */; };
		5C287B9821003AC30013602D /* WebViewJavascriptBridge.m in Sources */ = {isa = PBXBuildFile; fileRef = 5C287B8D21003AC30013602D /* WebViewJavascriptBridge.m */; };
		5C287B9921003AC30013602D /* WebViewJavascriptBridge_JS.m in Sources */ = {isa = PBXBuildFile; fileRef = 5C287B9021003AC30013602D /* WebViewJavascriptBridge_JS.m */; };
		5C287B9A21003AC30013602D /* bridge.html in Resources */ = {isa = PBXBuildFile; fileRef = 5C287B9321003AC30013602D /* bridge.html */; };
		5C287B9F21003B8A0013602D /* PromptController.swift in Sources */ = {isa = PBXBuildFile; fileRef = 5C287B9D21003B8A0013602D /* PromptController.swift */; };
		5C287BA021003B8A0013602D /* prompt.html in Resources */ = {isa = PBXBuildFile; fileRef = 5C287B9E21003B8A0013602D /* prompt.html */; };
		5CB8CACA20F841BE001CA6E6 /* AppDelegate.swift in Sources */ = {isa = PBXBuildFile; fileRef = 5CB8CAC920F841BE001CA6E6 /* AppDelegate.swift */; };
		5CB8CACC20F841BE001CA6E6 /* ViewController.swift in Sources */ = {isa = PBXBuildFile; fileRef = 5CB8CACB20F841BE001CA6E6 /* ViewController.swift */; };
		5CB8CACF20F841BE001CA6E6 /* Main.storyboard in Resources */ = {isa = PBXBuildFile; fileRef = 5CB8CACD20F841BE001CA6E6 /* Main.storyboard */; };
		5CB8CAD120F841BF001CA6E6 /* Assets.xcassets in Resources */ = {isa = PBXBuildFile; fileRef = 5CB8CAD020F841BF001CA6E6 /* Assets.xcassets */; };
		5CB8CAD420F841BF001CA6E6 /* LaunchScreen.storyboard in Resources */ = {isa = PBXBuildFile; fileRef = 5CB8CAD220F841BF001CA6E6 /* LaunchScreen.storyboard */; };
		5CB8CADC20F8463F001CA6E6 /* common.html in Resources */ = {isa = PBXBuildFile; fileRef = 5CB8CADB20F8463F001CA6E6 /* common.html */; };
		5CB8CADE20F846D2001CA6E6 /* CommonController.swift in Sources */ = {isa = PBXBuildFile; fileRef = 5CB8CADD20F846D2001CA6E6 /* CommonController.swift */; };
		5CB8CAE620F873E1001CA6E6 /* JSCoreController.swift in Sources */ = {isa = PBXBuildFile; fileRef = 5CB8CAE520F873E1001CA6E6 /* JSCoreController.swift */; };
		5CB8CAE820F882A4001CA6E6 /* core.html in Resources */ = {isa = PBXBuildFile; fileRef = 5CB8CAE720F882A4001CA6E6 /* core.html */; };
		5CB8CAED20F895F6001CA6E6 /* WKController.swift in Sources */ = {isa = PBXBuildFile; fileRef = 5CB8CAEC20F895F6001CA6E6 /* WKController.swift */; };
		5CB8CAEF20F897A3001CA6E6 /* wk.html in Resources */ = {isa = PBXBuildFile; fileRef = 5CB8CAEE20F897A3001CA6E6 /* wk.html */; };
/* End PBXBuildFile section */

/* Begin PBXFileReference section */
		5C287B8821003AC30013602D /* BridgeController.swift */ = {isa = PBXFileReference; fileEncoding = 4; lastKnownFileType = sourcecode.swift; path = BridgeController.swift; sourceTree = "<group>"; };
		5C287B8A21003AC30013602D /* WebViewJavascriptBridge_JS.js */ = {isa = PBXFileReference; fileEncoding = 4; lastKnownFileType = sourcecode.javascript; path = WebViewJavascriptBridge_JS.js; sourceTree = "<group>"; };
		5C287B8B21003AC30013602D /* WebViewJavascriptBridgeBase.m */ = {isa = PBXFileReference; fileEncoding = 4; lastKnownFileType = sourcecode.c.objc; path = WebViewJavascriptBridgeBase.m; sourceTree = "<group>"; };
		5C287B8C21003AC30013602D /* WKWebViewJavascriptBridge.m */ = {isa = PBXFileReference; fileEncoding = 4; lastKnownFileType = sourcecode.c.objc; path = WKWebViewJavascriptBridge.m; sourceTree = "<group>"; };
		5C287B8D21003AC30013602D /* WebViewJavascriptBridge.m */ = {isa = PBXFileReference; fileEncoding = 4; lastKnownFileType = sourcecode.c.objc; path = WebViewJavascriptBridge.m; sourceTree = "<group>"; };
		5C287B8E21003AC30013602D /* WebViewJavascriptBridge_JS.h */ = {isa = PBXFileReference; fileEncoding = 4; lastKnownFileType = sourcecode.c.h; path = WebViewJavascriptBridge_JS.h; sourceTree = "<group>"; };
		5C287B8F21003AC30013602D /* WebViewJavascriptBridgeBase.h */ = {isa = PBXFileReference; fileEncoding = 4; lastKnownFileType = sourcecode.c.h; path = WebViewJavascriptBridgeBase.h; sourceTree = "<group>"; };
		5C287B9021003AC30013602D /* WebViewJavascriptBridge_JS.m */ = {isa = PBXFileReference; fileEncoding = 4; lastKnownFileType = sourcecode.c.objc; path = WebViewJavascriptBridge_JS.m; sourceTree = "<group>"; };
		5C287B9121003AC30013602D /* WebViewJavascriptBridge.h */ = {isa = PBXFileReference; fileEncoding = 4; lastKnownFileType = sourcecode.c.h; path = WebViewJavascriptBridge.h; sourceTree = "<group>"; };
		5C287B9221003AC30013602D /* WKWebViewJavascriptBridge.h */ = {isa = PBXFileReference; fileEncoding = 4; lastKnownFileType = sourcecode.c.h; path = WKWebViewJavascriptBridge.h; sourceTree = "<group>"; };
		5C287B9321003AC30013602D /* bridge.html */ = {isa = PBXFileReference; fileEncoding = 4; lastKnownFileType = text.html; path = bridge.html; sourceTree = "<group>"; };
		5C287B9B21003AD50013602D /* JS-NativeBridgingHeader.h */ = {isa = PBXFileReference; lastKnownFileType = sourcecode.c.h; path = "JS-NativeBridgingHeader.h"; sourceTree = "<group>"; };
		5C287B9D21003B8A0013602D /* PromptController.swift */ = {isa = PBXFileReference; fileEncoding = 4; lastKnownFileType = sourcecode.swift; path = PromptController.swift; sourceTree = "<group>"; };
		5C287B9E21003B8A0013602D /* prompt.html */ = {isa = PBXFileReference; fileEncoding = 4; lastKnownFileType = text.html; path = prompt.html; sourceTree = "<group>"; };
		5CB8CAC620F841BE001CA6E6 /* JS-Native.app */ = {isa = PBXFileReference; explicitFileType = wrapper.application; includeInIndex = 0; path = "JS-Native.app"; sourceTree = BUILT_PRODUCTS_DIR; };
		5CB8CAC920F841BE001CA6E6 /* AppDelegate.swift */ = {isa = PBXFileReference; lastKnownFileType = sourcecode.swift; path = AppDelegate.swift; sourceTree = "<group>"; };
		5CB8CACB20F841BE001CA6E6 /* ViewController.swift */ = {isa = PBXFileReference; lastKnownFileType = sourcecode.swift; path = ViewController.swift; sourceTree = "<group>"; };
		5CB8CACE20F841BE001CA6E6 /* Base */ = {isa = PBXFileReference; lastKnownFileType = file.storyboard; name = Base; path = Base.lproj/Main.storyboard; sourceTree = "<group>"; };
		5CB8CAD020F841BF001CA6E6 /* Assets.xcassets */ = {isa = PBXFileReference; lastKnownFileType = folder.assetcatalog; path = Assets.xcassets; sourceTree = "<group>"; };
		5CB8CAD320F841BF001CA6E6 /* Base */ = {isa = PBXFileReference; lastKnownFileType = file.storyboard; name = Base; path = Base.lproj/LaunchScreen.storyboard; sourceTree = "<group>"; };
		5CB8CAD520F841BF001CA6E6 /* Info.plist */ = {isa = PBXFileReference; lastKnownFileType = text.plist.xml; path = Info.plist; sourceTree = "<group>"; };
		5CB8CADB20F8463F001CA6E6 /* common.html */ = {isa = PBXFileReference; fileEncoding = 4; lastKnownFileType = text.html; path = common.html; sourceTree = "<group>"; };
		5CB8CADD20F846D2001CA6E6 /* CommonController.swift */ = {isa = PBXFileReference; lastKnownFileType = sourcecode.swift; path = CommonController.swift; sourceTree = "<group>"; };
		5CB8CAE520F873E1001CA6E6 /* JSCoreController.swift */ = {isa = PBXFileReference; lastKnownFileType = sourcecode.swift; path = JSCoreController.swift; sourceTree = "<group>"; };
		5CB8CAE720F882A4001CA6E6 /* core.html */ = {isa = PBXFileReference; fileEncoding = 4; lastKnownFileType = text.html; path = core.html; sourceTree = "<group>"; };
		5CB8CAEC20F895F6001CA6E6 /* WKController.swift */ = {isa = PBXFileReference; lastKnownFileType = sourcecode.swift; path = WKController.swift; sourceTree = "<group>"; };
		5CB8CAEE20F897A3001CA6E6 /* wk.html */ = {isa = PBXFileReference; fileEncoding = 4; lastKnownFileType = text.html; path = wk.html; sourceTree = "<group>"; };
/* End PBXFileReference section */

/* Begin PBXFrameworksBuildPhase section */
		5CB8CAC320F841BE001CA6E6 /* Frameworks */ = {
			isa = PBXFrameworksBuildPhase;
			buildActionMask = 2147483647;
			files = (
			);
			runOnlyForDeploymentPostprocessing = 0;
		};
/* End PBXFrameworksBuildPhase section */

/* Begin PBXGroup section */
		5C287B8721003AC30013602D /* WBJB */ = {
			isa = PBXGroup;
			children = (
				5C287B8921003AC30013602D /* WebViewJavascriptBridge */,
				5C287B8821003AC30013602D /* BridgeController.swift */,
				5C287B9321003AC30013602D /* bridge.html */,
			);
			path = WBJB;
			sourceTree = "<group>";
		};
		5C287B8921003AC30013602D /* WebViewJavascriptBridge */ = {
			isa = PBXGroup;
			children = (
				5C287B9121003AC30013602D /* WebViewJavascriptBridge.h */,
				5C287B8D21003AC30013602D /* WebViewJavascriptBridge.m */,
				5C287B9221003AC30013602D /* WKWebViewJavascriptBridge.h */,
				5C287B8C21003AC30013602D /* WKWebViewJavascriptBridge.m */,
				5C287B8F21003AC30013602D /* WebViewJavascriptBridgeBase.h */,
				5C287B8B21003AC30013602D /* WebViewJavascriptBridgeBase.m */,
				5C287B8E21003AC30013602D /* WebViewJavascriptBridge_JS.h */,
				5C287B9021003AC30013602D /* WebViewJavascriptBridge_JS.m */,
				5C287B8A21003AC30013602D /* WebViewJavascriptBridge_JS.js */,
			);
			path = WebViewJavascriptBridge;
			sourceTree = "<group>";
		};
		5C287B9C21003B8A0013602D /* Prompt */ = {
			isa = PBXGroup;
			children = (
				5C287B9D21003B8A0013602D /* PromptController.swift */,
				5C287B9E21003B8A0013602D /* prompt.html */,
			);
			path = Prompt;
			sourceTree = "<group>";
		};
		5CB8CABD20F841BE001CA6E6 = {
			isa = PBXGroup;
			children = (
				5CB8CAC820F841BE001CA6E6 /* JS-Native */,
				5CB8CAC720F841BE001CA6E6 /* Products */,
			);
			sourceTree = "<group>";
		};
		5CB8CAC720F841BE001CA6E6 /* Products */ = {
			isa = PBXGroup;
			children = (
				5CB8CAC620F841BE001CA6E6 /* JS-Native.app */,
			);
			name = Products;
			sourceTree = "<group>";
		};
		5CB8CAC820F841BE001CA6E6 /* JS-Native */ = {
			isa = PBXGroup;
			children = (
				5CB8CADF20F853C0001CA6E6 /* Common */,
				5CB8CAE020F87123001CA6E6 /* JavaScriptCore */,
				5CB8CAEB20F895DF001CA6E6 /* WK */,
				5C287B9C21003B8A0013602D /* Prompt */,
				5C287B8721003AC30013602D /* WBJB */,
				5CB8CAC920F841BE001CA6E6 /* AppDelegate.swift */,
				5CB8CACB20F841BE001CA6E6 /* ViewController.swift */,
				5CB8CACD20F841BE001CA6E6 /* Main.storyboard */,
				5CB8CAD020F841BF001CA6E6 /* Assets.xcassets */,
				5CB8CAD220F841BF001CA6E6 /* LaunchScreen.storyboard */,
				5CB8CAD520F841BF001CA6E6 /* Info.plist */,
				5C287B9B21003AD50013602D /* JS-NativeBridgingHeader.h */,
			);
			path = "JS-Native";
			sourceTree = "<group>";
		};
		5CB8CADF20F853C0001CA6E6 /* Common */ = {
			isa = PBXGroup;
			children = (
				5CB8CADD20F846D2001CA6E6 /* CommonController.swift */,
				5CB8CADB20F8463F001CA6E6 /* common.html */,
			);
			path = Common;
			sourceTree = "<group>";
		};
		5CB8CAE020F87123001CA6E6 /* JavaScriptCore */ = {
			isa = PBXGroup;
			children = (
				5CB8CAE520F873E1001CA6E6 /* JSCoreController.swift */,
				5CB8CAE720F882A4001CA6E6 /* core.html */,
			);
			path = JavaScriptCore;
			sourceTree = "<group>";
		};
		5CB8CAEB20F895DF001CA6E6 /* WK */ = {
			isa = PBXGroup;
			children = (
				5CB8CAEC20F895F6001CA6E6 /* WKController.swift */,
				5CB8CAEE20F897A3001CA6E6 /* wk.html */,
			);
			path = WK;
			sourceTree = "<group>";
		};
/* End PBXGroup section */

/* Begin PBXNativeTarget section */
		5CB8CAC520F841BE001CA6E6 /* JS-Native */ = {
			isa = PBXNativeTarget;
			buildConfigurationList = 5CB8CAD820F841BF001CA6E6 /* Build configuration list for PBXNativeTarget "JS-Native" */;
			buildPhases = (
				5CB8CAC220F841BE001CA6E6 /* Sources */,
				5CB8CAC320F841BE001CA6E6 /* Frameworks */,
				5CB8CAC420F841BE001CA6E6 /* Resources */,
			);
			buildRules = (
			);
			dependencies = (
			);
			name = "JS-Native";
			productName = "JS-Native";
			productReference = 5CB8CAC620F841BE001CA6E6 /* JS-Native.app */;
			productType = "com.apple.product-type.application";
		};
/* End PBXNativeTarget section */

/* Begin PBXProject section */
		5CB8CABE20F841BE001CA6E6 /* Project object */ = {
			isa = PBXProject;
			attributes = {
				LastSwiftUpdateCheck = 0940;
				LastUpgradeCheck = 0940;
				ORGANIZATIONNAME = JianglunPro;
				TargetAttributes = {
					5CB8CAC520F841BE001CA6E6 = {
						CreatedOnToolsVersion = 9.4.1;
					};
				};
			};
			buildConfigurationList = 5CB8CAC120F841BE001CA6E6 /* Build configuration list for PBXProject "JS-Native" */;
			compatibilityVersion = "Xcode 9.3";
			developmentRegion = en;
			hasScannedForEncodings = 0;
			knownRegions = (
				en,
				Base,
			);
			mainGroup = 5CB8CABD20F841BE001CA6E6;
			productRefGroup = 5CB8CAC720F841BE001CA6E6 /* Products */;
			projectDirPath = "";
			projectRoot = "";
			targets = (
				5CB8CAC520F841BE001CA6E6 /* JS-Native */,
			);
		};
/* End PBXProject section */

/* Begin PBXResourcesBuildPhase section */
		5CB8CAC420F841BE001CA6E6 /* Resources */ = {
			isa = PBXResourcesBuildPhase;
			buildActionMask = 2147483647;
			files = (
				5CB8CAEF20F897A3001CA6E6 /* wk.html in Resources */,
				5CB8CAD420F841BF001CA6E6 /* LaunchScreen.storyboard in Resources */,
				5CB8CAD120F841BF001CA6E6 /* Assets.xcassets in Resources */,
				5C287BA021003B8A0013602D /* prompt.html in Resources */,
				5C287B9A21003AC30013602D /* bridge.html in Resources */,
				5CB8CADC20F8463F001CA6E6 /* common.html in Resources */,
				5CB8CAE820F882A4001CA6E6 /* core.html in Resources */,
				5C287B9521003AC30013602D /* WebViewJavascriptBridge_JS.js in Resources */,
				5CB8CACF20F841BE001CA6E6 /* Main.storyboard in Resources */,
			);
			runOnlyForDeploymentPostprocessing = 0;
		};
/* End PBXResourcesBuildPhase section */

/* Begin PBXSourcesBuildPhase section */
		5CB8CAC220F841BE001CA6E6 /* Sources */ = {
			isa = PBXSourcesBuildPhase;
			buildActionMask = 2147483647;
			files = (
				5CB8CAED20F895F6001CA6E6 /* WKController.swift in Sources */,
				5C287B9821003AC30013602D /* WebViewJavascriptBridge.m in Sources */,
				5CB8CACC20F841BE001CA6E6 /* ViewController.swift in Sources */,
				5C287B9421003AC30013602D /* BridgeController.swift in Sources */,
				5C287B9921003AC30013602D /* WebViewJavascriptBridge_JS.m in Sources */,
				5CB8CADE20F846D2001CA6E6 /* CommonController.swift in Sources */,
				5C287B9621003AC30013602D /* WebViewJavascriptBridgeBase.m in Sources */,
				5C287B9F21003B8A0013602D /* PromptController.swift in Sources */,
				5C287B9721003AC30013602D /* WKWebViewJavascriptBridge.m in Sources */,
				5CB8CAE620F873E1001CA6E6 /* JSCoreController.swift in Sources */,
				5CB8CACA20F841BE001CA6E6 /* AppDelegate.swift in Sources */,
			);
			runOnlyForDeploymentPostprocessing = 0;
		};
/* End PBXSourcesBuildPhase section */

/* Begin PBXVariantGroup section */
		5CB8CACD20F841BE001CA6E6 /* Main.storyboard */ = {
			isa = PBXVariantGroup;
			children = (
				5CB8CACE20F841BE001CA6E6 /* Base */,
			);
			name = Main.storyboard;
			sourceTree = "<group>";
		};
		5CB8CAD220F841BF001CA6E6 /* LaunchScreen.storyboard */ = {
			isa = PBXVariantGroup;
			children = (
				5CB8CAD320F841BF001CA6E6 /* Base */,
			);
			name = LaunchScreen.storyboard;
			sourceTree = "<group>";
		};
/* End PBXVariantGroup section */

/* Begin XCBuildConfiguration section */
		5CB8CAD620F841BF001CA6E6 /* Debug */ = {
			isa = XCBuildConfiguration;
			buildSettings = {
				ALWAYS_SEARCH_USER_PATHS = NO;
				CLANG_ANALYZER_NONNULL = YES;
				CLANG_ANALYZER_NUMBER_OBJECT_CONVERSION = YES_AGGRESSIVE;
				CLANG_CXX_LANGUAGE_STANDARD = "gnu++14";
				CLANG_CXX_LIBRARY = "libc++";
				CLANG_ENABLE_MODULES = YES;
				CLANG_ENABLE_OBJC_ARC = YES;
				CLANG_ENABLE_OBJC_WEAK = YES;
				CLANG_WARN_BLOCK_CAPTURE_AUTORELEASING = YES;
				CLANG_WARN_BOOL_CONVERSION = YES;
				CLANG_WARN_COMMA = YES;
				CLANG_WARN_CONSTANT_CONVERSION = YES;
				CLANG_WARN_DEPRECATED_OBJC_IMPLEMENTATIONS = YES;
				CLANG_WARN_DIRECT_OBJC_ISA_USAGE = YES_ERROR;
				CLANG_WARN_DOCUMENTATION_COMMENTS = YES;
				CLANG_WARN_EMPTY_BODY = YES;
				CLANG_WARN_ENUM_CONVERSION = YES;
				CLANG_WARN_INFINITE_RECURSION = YES;
				CLANG_WARN_INT_CONVERSION = YES;
				CLANG_WARN_NON_LITERAL_NULL_CONVERSION = YES;
				CLANG_WARN_OBJC_IMPLICIT_RETAIN_SELF = YES;
				CLANG_WARN_OBJC_LITERAL_CONVERSION = YES;
				CLANG_WARN_OBJC_ROOT_CLASS = YES_ERROR;
				CLANG_WARN_RANGE_LOOP_ANALYSIS = YES;
				CLANG_WARN_STRICT_PROTOTYPES = YES;
				CLANG_WARN_SUSPICIOUS_MOVE = YES;
				CLANG_WARN_UNGUARDED_AVAILABILITY = YES_AGGRESSIVE;
				CLANG_WARN_UNREACHABLE_CODE = YES;
				CLANG_WARN__DUPLICATE_METHOD_MATCH = YES;
				CODE_SIGN_IDENTITY = "iPhone Developer";
				COPY_PHASE_STRIP = NO;
				DEBUG_INFORMATION_FORMAT = dwarf;
				ENABLE_STRICT_OBJC_MSGSEND = YES;
				ENABLE_TESTABILITY = YES;
				GCC_C_LANGUAGE_STANDARD = gnu11;
				GCC_DYNAMIC_NO_PIC = NO;
				GCC_NO_COMMON_BLOCKS = YES;
				GCC_OPTIMIZATION_LEVEL = 0;
				GCC_PREPROCESSOR_DEFINITIONS = (
					"DEBUG=1",
					"$(inherited)",
				);
				GCC_WARN_64_TO_32_BIT_CONVERSION = YES;
				GCC_WARN_ABOUT_RETURN_TYPE = YES_ERROR;
				GCC_WARN_UNDECLARED_SELECTOR = YES;
				GCC_WARN_UNINITIALIZED_AUTOS = YES_AGGRESSIVE;
				GCC_WARN_UNUSED_FUNCTION = YES;
				GCC_WARN_UNUSED_VARIABLE = YES;
				IPHONEOS_DEPLOYMENT_TARGET = 11.4;
				MTL_ENABLE_DEBUG_INFO = YES;
				ONLY_ACTIVE_ARCH = YES;
				SDKROOT = iphoneos;
				SWIFT_ACTIVE_COMPILATION_CONDITIONS = DEBUG;
				SWIFT_OPTIMIZATION_LEVEL = "-Onone";
			};
			name = Debug;
		};
		5CB8CAD720F841BF001CA6E6 /* Release */ = {
			isa = XCBuildConfiguration;
			buildSettings = {
				ALWAYS_SEARCH_USER_PATHS = NO;
				CLANG_ANALYZER_NONNULL = YES;
				CLANG_ANALYZER_NUMBER_OBJECT_CONVERSION = YES_AGGRESSIVE;
				CLANG_CXX_LANGUAGE_STANDARD = "gnu++14";
				CLANG_CXX_LIBRARY = "libc++";
				CLANG_ENABLE_MODULES = YES;
				CLANG_ENABLE_OBJC_ARC = YES;
				CLANG_ENABLE_OBJC_WEAK = YES;
				CLANG_WARN_BLOCK_CAPTURE_AUTORELEASING = YES;
				CLANG_WARN_BOOL_CONVERSION = YES;
				CLANG_WARN_COMMA = YES;
				CLANG_WARN_CONSTANT_CONVERSION = YES;
				CLANG_WARN_DEPRECATED_OBJC_IMPLEMENTATIONS = YES;
				CLANG_WARN_DIRECT_OBJC_ISA_USAGE = YES_ERROR;
				CLANG_WARN_DOCUMENTATION_COMMENTS = YES;
				CLANG_WARN_EMPTY_BODY = YES;
				CLANG_WARN_ENUM_CONVERSION = YES;
				CLANG_WARN_INFINITE_RECURSION = YES;
				CLANG_WARN_INT_CONVERSION = YES;
				CLANG_WARN_NON_LITERAL_NULL_CONVERSION = YES;
				CLANG_WARN_OBJC_IMPLICIT_RETAIN_SELF = YES;
				CLANG_WARN_OBJC_LITERAL_CONVERSION = YES;
				CLANG_WARN_OBJC_ROOT_CLASS = YES_ERROR;
				CLANG_WARN_RANGE_LOOP_ANALYSIS = YES;
				CLANG_WARN_STRICT_PROTOTYPES = YES;
				CLANG_WARN_SUSPICIOUS_MOVE = YES;
				CLANG_WARN_UNGUARDED_AVAILABILITY = YES_AGGRESSIVE;
				CLANG_WARN_UNREACHABLE_CODE = YES;
				CLANG_WARN__DUPLICATE_METHOD_MATCH = YES;
				CODE_SIGN_IDENTITY = "iPhone Developer";
				COPY_PHASE_STRIP = NO;
				DEBUG_INFORMATION_FORMAT = "dwarf-with-dsym";
				ENABLE_NS_ASSERTIONS = NO;
				ENABLE_STRICT_OBJC_MSGSEND = YES;
				GCC_C_LANGUAGE_STANDARD = gnu11;
				GCC_NO_COMMON_BLOCKS = YES;
				GCC_WARN_64_TO_32_BIT_CONVERSION = YES;
				GCC_WARN_ABOUT_RETURN_TYPE = YES_ERROR;
				GCC_WARN_UNDECLARED_SELECTOR = YES;
				GCC_WARN_UNINITIALIZED_AUTOS = YES_AGGRESSIVE;
				GCC_WARN_UNUSED_FUNCTION = YES;
				GCC_WARN_UNUSED_VARIABLE = YES;
				IPHONEOS_DEPLOYMENT_TARGET = 11.4;
				MTL_ENABLE_DEBUG_INFO = NO;
				SDKROOT = iphoneos;
				SWIFT_COMPILATION_MODE = wholemodule;
				SWIFT_OPTIMIZATION_LEVEL = "-O";
				VALIDATE_PRODUCT = YES;
			};
			name = Release;
		};
		5CB8CAD920F841BF001CA6E6 /* Debug */ = {
			isa = XCBuildConfiguration;
			buildSettings = {
				ASSETCATALOG_COMPILER_APPICON_NAME = AppIcon;
				CODE_SIGN_STYLE = Automatic;
				INFOPLIST_FILE = "JS-Native/Info.plist";
				LD_RUNPATH_SEARCH_PATHS = (
					"$(inherited)",
					"@executable_path/Frameworks",
				);
				PRODUCT_BUNDLE_IDENTIFIER = "com.JiangLunPro.JS-Native";
				PRODUCT_NAME = "$(TARGET_NAME)";
				SWIFT_OBJC_BRIDGING_HEADER = "JS-Native/JS-NativeBridgingHeader.h";
				SWIFT_VERSION = 4.0;
				TARGETED_DEVICE_FAMILY = "1,2";
			};
			name = Debug;
		};
		5CB8CADA20F841BF001CA6E6 /* Release */ = {
			isa = XCBuildConfiguration;
			buildSettings = {
				ASSETCATALOG_COMPILER_APPICON_NAME = AppIcon;
				CODE_SIGN_STYLE = Automatic;
				INFOPLIST_FILE = "JS-Native/Info.plist";
				LD_RUNPATH_SEARCH_PATHS = (
					"$(inherited)",
					"@executable_path/Frameworks",
				);
				PRODUCT_BUNDLE_IDENTIFIER = "com.JiangLunPro.JS-Native";
				PRODUCT_NAME = "$(TARGET_NAME)";
				SWIFT_OBJC_BRIDGING_HEADER = "JS-Native/JS-NativeBridgingHeader.h";
				SWIFT_VERSION = 4.0;
				TARGETED_DEVICE_FAMILY = "1,2";
			};
			name = Release;
		};
/* End XCBuildConfiguration section */

/* Begin XCConfigurationList section */
		5CB8CAC120F841BE001CA6E6 /* Build configuration list for PBXProject "JS-Native" */ = {
			isa = XCConfigurationList;
			buildConfigurations = (
				5CB8CAD620F841BF001CA6E6 /* Debug */,
				5CB8CAD720F841BF001CA6E6 /* Release */,
			);
			defaultConfigurationIsVisible = 0;
			defaultConfigurationName = Release;
		};
		5CB8CAD820F841BF001CA6E6 /* Build configuration list for PBXNativeTarget "JS-Native" */ = {
			isa = XCConfigurationList;
			buildConfigurations = (
				5CB8CAD920F841BF001CA6E6 /* Debug */,
				5CB8CADA20F841BF001CA6E6 /* Release */,
			);
			defaultConfigurationIsVisible = 0;
			defaultConfigurationName = Release;
		};
/* End XCConfigurationList section */
	};
	rootObject = 5CB8CABE20F841BE001CA6E6 /* Project object */;
}
